lockfileVersion: '9.0'

settings:
  autoInstallPeers: true
  excludeLinksFromLockfile: false

importers:

  .:
    dependencies:
      graphql:
        specifier: ^16.10.0
        version: 16.10.0
      urql:
        specifier: ^4.2.1
        version: 4.2.1(@urql/core@5.1.0(graphql@16.10.0))(react@19.0.0)

packages:

  '@0no-co/graphql.web@1.1.1':
    resolution: {integrity: sha512-F2i3xdycesw78QCOBHmpTn7eaD2iNXGwB2gkfwxcOfBbeauYpr8RBSyJOkDrFtKtVRMclg8Sg3n1ip0ACyUuag==}
    peerDependencies:
      graphql: ^14.0.0 || ^15.0.0 || ^16.0.0
    peerDependenciesMeta:
      graphql:
        optional: true

  '@urql/core@5.1.0':
    resolution: {integrity: sha512-yC3sw8yqjbX45GbXxfiBY8GLYCiyW/hLBbQF9l3TJrv4ro00Y0ChkKaD9I2KntRxAVm9IYBqh0awX8fwWAe/Yw==}

  graphql@16.10.0:
    resolution: {integrity: sha512-AjqGKbDGUFRKIRCP9tCKiIGHyriz2oHEbPIbEtcSLSs4YjReZOIPQQWek4+6hjw62H9QShXHyaGivGiYVLeYFQ==}
    engines: {node: ^12.22.0 || ^14.16.0 || ^16.0.0 || >=17.0.0}

  react@19.0.0:
    resolution: {integrity: sha512-V8AVnmPIICiWpGfm6GLzCR/W5FXLchHop40W4nXBmdlEceh16rCN8O8LNWm5bh5XUX91fh7KpA+W0TgMKmgTpQ==}
    engines: {node: '>=0.10.0'}

  urql@4.2.1:
    resolution: {integrity: sha512-Y/cVi1rsR96kbF3VX6YgfHw1V3kJ287nR1TqpjGzVPyAmXuwRvBvABI+sHY2WOquWCNh+kvFapM/LLYeiC3wig==}
    peerDependencies:
      '@urql/core': ^5.0.0
      react: '>= 16.8.0'

  wonka@6.3.4:
    resolution: {integrity: sha512-CjpbqNtBGNAeyNS/9W6q3kSkKE52+FjIj7AkFlLr11s/VWGUu6a2CdYSdGxocIhIVjaW/zchesBQUKPVU69Cqg==}

snapshots:

  '@0no-co/graphql.web@1.1.1(graphql@16.10.0)':
    optionalDependencies:
      graphql: 16.10.0

  '@urql/core@5.1.0(graphql@16.10.0)':
    dependencies:
      '@0no-co/graphql.web': 1.1.1(graphql@16.10.0)
      wonka: 6.3.4
    transitivePeerDependencies:
      - graphql

  graphql@16.10.0: {}

  react@19.0.0: {}

  urql@4.2.1(@urql/core@5.1.0(graphql@16.10.0))(react@19.0.0):
    dependencies:
      '@urql/core': 5.1.0(graphql@16.10.0)
      react: 19.0.0
      wonka: 6.3.4

  wonka@6.3.4: {}
